
Microsoft Visual Studio Solution File, Format Version 12.00
# Visual Studio Version 16
VisualStudioVersion = 16.0.30114.105
MinimumVisualStudioVersion = 10.0.40219.1
Project("{9A19103F-16F7-4668-BE54-9A1E7A4F7556}") = "xml2vdproj", "xml2vdproj\xml2vdproj.csproj", "{14C99670-20CA-4D19-94E0-EEFAFC9A016C}"
EndProject
Project("{9A19103F-16F7-4668-BE54-9A1E7A4F7556}") = "vdproj2xml", "vdproj2xml\vdproj2xml.csproj", "{DAF7119A-411B-4490-BF9B-E34A976F088D}"
EndProject
Project("{9A19103F-16F7-4668-BE54-9A1E7A4F7556}") = "vdprojLib", "vdprojLib\vdprojLib.csproj", "{BCF3F7C8-1C38-42E2-AB13-D0BAA3266BC5}"
EndProject
Project("{9A19103F-16F7-4668-BE54-9A1E7A4F7556}") = "vdproj2xmlTests", "vdproj2xmlTests\vdproj2xmlTests.csproj", "{E706D381-92B4-48D6-AABD-AE65FD1D366C}"
EndProject
Project("{FAE04EC0-301F-11D3-BF4B-00C04F79EFBC}") = "xml2vdprojTests", "xml2vdprojTests\xml2vdprojTests.csproj", "{7D9F46A0-DFB1-40CB-A4A9-4A4673869644}"
EndProject
Project("{9A19103F-16F7-4668-BE54-9A1E7A4F7556}") = "vdprojLibTests", "vdprojLibTests\vdprojLibTests.csproj", "{2FD02046-52FD-417E-A2AE-A0FF53A67F82}"
EndProject
Global
	GlobalSection(SolutionConfigurationPlatforms) = preSolution
		Debug|Any CPU = Debug|Any CPU
		Release|Any CPU = Release|Any CPU
	EndGlobalSection
	GlobalSection(ProjectConfigurationPlatforms) = postSolution
		{DAF7119A-411B-4490-BF9B-E34A976F088D}.Debug|Any CPU.ActiveCfg = Debug|Any CPU
		{DAF7119A-411B-4490-BF9B-E34A976F088D}.Debug|Any CPU.Build.0 = Debug|Any CPU
		{DAF7119A-411B-4490-BF9B-E34A976F088D}.Release|Any CPU.ActiveCfg = Release|Any CPU
		{DAF7119A-411B-4490-BF9B-E34A976F088D}.Release|Any CPU.Build.0 = Release|Any CPU
		{BCF3F7C8-1C38-42E2-AB13-D0BAA3266BC5}.Debug|Any CPU.ActiveCfg = Debug|Any CPU
		{BCF3F7C8-1C38-42E2-AB13-D0BAA3266BC5}.Debug|Any CPU.Build.0 = Debug|Any CPU
		{BCF3F7C8-1C38-42E2-AB13-D0BAA3266BC5}.Release|Any CPU.ActiveCfg = Release|Any CPU
		{BCF3F7C8-1C38-42E2-AB13-D0BAA3266BC5}.Release|Any CPU.Build.0 = Release|Any CPU
		{E706D381-92B4-48D6-AABD-AE65FD1D366C}.Debug|Any CPU.ActiveCfg = Debug|Any CPU
		{E706D381-92B4-48D6-AABD-AE65FD1D366C}.Debug|Any CPU.Build.0 = Debug|Any CPU
		{E706D381-92B4-48D6-AABD-AE65FD1D366C}.Release|Any CPU.ActiveCfg = Release|Any CPU
		{E706D381-92B4-48D6-AABD-AE65FD1D366C}.Release|Any CPU.Build.0 = Release|Any CPU
		{2FD02046-52FD-417E-A2AE-A0FF53A67F82}.Debug|Any CPU.ActiveCfg = Debug|Any CPU
		{2FD02046-52FD-417E-A2AE-A0FF53A67F82}.Debug|Any CPU.Build.0 = Debug|Any CPU
		{2FD02046-52FD-417E-A2AE-A0FF53A67F82}.Release|Any CPU.ActiveCfg = Release|Any CPU
		{2FD02046-52FD-417E-A2AE-A0FF53A67F82}.Release|Any CPU.Build.0 = Release|Any CPU
		{14C99670-20CA-4D19-94E0-EEFAFC9A016C}.Debug|Any CPU.ActiveCfg = Debug|Any CPU
		{14C99670-20CA-4D19-94E0-EEFAFC9A016C}.Debug|Any CPU.Build.0 = Debug|Any CPU
		{14C99670-20CA-4D19-94E0-EEFAFC9A016C}.Release|Any CPU.ActiveCfg = Release|Any CPU
		{14C99670-20CA-4D19-94E0-EEFAFC9A016C}.Release|Any CPU.Build.0 = Release|Any CPU
		{7D9F46A0-DFB1-40CB-A4A9-4A4673869644}.Debug|Any CPU.ActiveCfg = Debug|Any CPU
		{7D9F46A0-DFB1-40CB-A4A9-4A4673869644}.Debug|Any CPU.Build.0 = Debug|Any CPU
		{7D9F46A0-DFB1-40CB-A4A9-4A4673869644}.Release|Any CPU.ActiveCfg = Release|Any CPU
		{7D9F46A0-DFB1-40CB-A4A9-4A4673869644}.Release|Any CPU.Build.0 = Release|Any CPU
	EndGlobalSection
	GlobalSection(SolutionProperties) = preSolution
		HideSolutionNode = FALSE
	EndGlobalSection
	GlobalSection(ExtensibilityGlobals) = postSolution
		SolutionGuid = {D8B7D93C-2B25-4953-95F7-44E694DA3646}
	EndGlobalSection
EndGlobal
